
Microsoft Visual Studio Solution File, Format Version 12.00
# Visual Studio Version 17
VisualStudioVersion = 17.13.35931.197
MinimumVisualStudioVersion = 10.0.40219.1
Project("{2150E333-8FDC-42A3-9474-1A3956D46DE8}") = "Store.App.API", "Store.App.API", "{02EA681E-C7D8-13C7-8484-4AC65E1B71E8}"
EndProject
Project("{FAE04EC0-301F-11D3-BF4B-00C04F79EFBC}") = "WebApi", "WebApi\WebApi.csproj", "{44ED07B9-7AF9-412F-90EA-4B44ACB5A117}"
EndProject
Project("{2150E333-8FDC-42A3-9474-1A3956D46DE8}") = "Store.App.Application", "Store.App.Application", "{F9EA0768-ACF9-454F-B32F-817BC96AC33E}"
EndProject
Project("{2150E333-8FDC-42A3-9474-1A3956D46DE8}") = "Domain", "Domain", "{B6B5184C-D80E-48B8-961A-2CF7C3C056CE}"
EndProject
Project("{FAE04EC0-301F-11D3-BF4B-00C04F79EFBC}") = "Store.App.Application.Domain", "Store.App.Application.Domain\Store.App.Application.Domain.csproj", "{2599BC1F-D209-4F77-BA45-3300605E0DC5}"
EndProject
Project("{2150E333-8FDC-42A3-9474-1A3956D46DE8}") = "Application", "Application", "{C0E1F6F0-6A76-415C-B79C-07CEFE21C551}"
EndProject
Project("{FAE04EC0-301F-11D3-BF4B-00C04F79EFBC}") = "Store.App.Application.Application", "Store.App.Application.Application\Store.App.Application.Application.csproj", "{CE92F262-0B11-4FF4-8371-A67074959EA6}"
EndProject
Project("{2150E333-8FDC-42A3-9474-1A3956D46DE8}") = "Store.App.Crosscutting", "Store.App.Crosscutting", "{72B9CF85-CD6C-4F1C-B594-866206ECC7F9}"
EndProject
Project("{2150E333-8FDC-42A3-9474-1A3956D46DE8}") = "Commom", "Commom", "{0304594A-D661-456E-8C98-1E48EF46395A}"
EndProject
Project("{FAE04EC0-301F-11D3-BF4B-00C04F79EFBC}") = "Store.App.Crosscutting.Commom", "Store.App.Crosscutting.Commom\Store.App.Crosscutting.Commom.csproj", "{E0396EAC-F9ED-457B-881B-9FBEF1117765}"
EndProject
Project("{2150E333-8FDC-42A3-9474-1A3956D46DE8}") = "DeveloperEvaluation", "DeveloperEvaluation", "{7B2823E1-D0FF-43E5-BA8B-82FE72B6C2D3}"
EndProject
Project("{2150E333-8FDC-42A3-9474-1A3956D46DE8}") = "IoC", "IoC", "{4D517FB2-62C2-40A1-B562-418A944E6270}"
EndProject
Project("{FAE04EC0-301F-11D3-BF4B-00C04F79EFBC}") = "Store.App.Crosscutting.IoC", "Store.App.Crosscutting.IoC\Store.App.Crosscutting.IoC.csproj", "{7B32C46D-E7ED-478E-A1A2-43F740926096}"
EndProject
Project("{2150E333-8FDC-42A3-9474-1A3956D46DE8}") = "Store.App.Infrastructure", "Store.App.Infrastructure", "{E75DC1E9-31F2-4C79-A7C5-4A4AB479BD36}"
EndProject
Project("{2150E333-8FDC-42A3-9474-1A3956D46DE8}") = "Integrations", "Integrations", "{3ED78E33-6040-499A-A8EB-FCD14B47786C}"
EndProject
Project("{2150E333-8FDC-42A3-9474-1A3956D46DE8}") = "Database", "Database", "{C99828E6-5E4C-419C-90DB-ABCAD041E681}"
EndProject
Project("{FAE04EC0-301F-11D3-BF4B-00C04F79EFBC}") = "Store.App.Infrastructure.Data", "Store.App.Infrastructure.Data\Store.App.Infrastructure.Data.csproj", "{C653C5C2-CF8D-4200-8F8D-CA2FF766BD33}"
EndProject
Project("{FAE04EC0-301F-11D3-BF4B-00C04F79EFBC}") = "Store.App.Infrastructure.Integrations", "Store.App.Infrastructure.Integrations\Store.App.Infrastructure.Integrations.csproj", "{15CAFB0A-AE12-4C24-94E7-2D566B466B1D}"
EndProject
Project("{2150E333-8FDC-42A3-9474-1A3956D46DE8}") = "Store.App.Tests", "Store.App.Tests", "{12EB8B04-8CE0-4EFB-A984-4FEE06FFB893}"
EndProject
Global
	GlobalSection(SolutionConfigurationPlatforms) = preSolution
		Debug|Any CPU = Debug|Any CPU
		Release|Any CPU = Release|Any CPU
	EndGlobalSection
	GlobalSection(ProjectConfigurationPlatforms) = postSolution
		{44ED07B9-7AF9-412F-90EA-4B44ACB5A117}.Debug|Any CPU.ActiveCfg = Debug|Any CPU
		{44ED07B9-7AF9-412F-90EA-4B44ACB5A117}.Debug|Any CPU.Build.0 = Debug|Any CPU
		{44ED07B9-7AF9-412F-90EA-4B44ACB5A117}.Release|Any CPU.ActiveCfg = Release|Any CPU
		{44ED07B9-7AF9-412F-90EA-4B44ACB5A117}.Release|Any CPU.Build.0 = Release|Any CPU
		{2599BC1F-D209-4F77-BA45-3300605E0DC5}.Debug|Any CPU.ActiveCfg = Debug|Any CPU
		{2599BC1F-D209-4F77-BA45-3300605E0DC5}.Debug|Any CPU.Build.0 = Debug|Any CPU
		{2599BC1F-D209-4F77-BA45-3300605E0DC5}.Release|Any CPU.ActiveCfg = Release|Any CPU
		{2599BC1F-D209-4F77-BA45-3300605E0DC5}.Release|Any CPU.Build.0 = Release|Any CPU
		{CE92F262-0B11-4FF4-8371-A67074959EA6}.Debug|Any CPU.ActiveCfg = Debug|Any CPU
		{CE92F262-0B11-4FF4-8371-A67074959EA6}.Debug|Any CPU.Build.0 = Debug|Any CPU
		{CE92F262-0B11-4FF4-8371-A67074959EA6}.Release|Any CPU.ActiveCfg = Release|Any CPU
		{CE92F262-0B11-4FF4-8371-A67074959EA6}.Release|Any CPU.Build.0 = Release|Any CPU
		{E0396EAC-F9ED-457B-881B-9FBEF1117765}.Debug|Any CPU.ActiveCfg = Debug|Any CPU
		{E0396EAC-F9ED-457B-881B-9FBEF1117765}.Debug|Any CPU.Build.0 = Debug|Any CPU
		{E0396EAC-F9ED-457B-881B-9FBEF1117765}.Release|Any CPU.ActiveCfg = Release|Any CPU
		{E0396EAC-F9ED-457B-881B-9FBEF1117765}.Release|Any CPU.Build.0 = Release|Any CPU
		{7B32C46D-E7ED-478E-A1A2-43F740926096}.Debug|Any CPU.ActiveCfg = Debug|Any CPU
		{7B32C46D-E7ED-478E-A1A2-43F740926096}.Debug|Any CPU.Build.0 = Debug|Any CPU
		{7B32C46D-E7ED-478E-A1A2-43F740926096}.Release|Any CPU.ActiveCfg = Release|Any CPU
		{7B32C46D-E7ED-478E-A1A2-43F740926096}.Release|Any CPU.Build.0 = Release|Any CPU
		{C653C5C2-CF8D-4200-8F8D-CA2FF766BD33}.Debug|Any CPU.ActiveCfg = Debug|Any CPU
		{C653C5C2-CF8D-4200-8F8D-CA2FF766BD33}.Debug|Any CPU.Build.0 = Debug|Any CPU
		{C653C5C2-CF8D-4200-8F8D-CA2FF766BD33}.Release|Any CPU.ActiveCfg = Release|Any CPU
		{C653C5C2-CF8D-4200-8F8D-CA2FF766BD33}.Release|Any CPU.Build.0 = Release|Any CPU
		{15CAFB0A-AE12-4C24-94E7-2D566B466B1D}.Debug|Any CPU.ActiveCfg = Debug|Any CPU
		{15CAFB0A-AE12-4C24-94E7-2D566B466B1D}.Debug|Any CPU.Build.0 = Debug|Any CPU
		{15CAFB0A-AE12-4C24-94E7-2D566B466B1D}.Release|Any CPU.ActiveCfg = Release|Any CPU
		{15CAFB0A-AE12-4C24-94E7-2D566B466B1D}.Release|Any CPU.Build.0 = Release|Any CPU
	EndGlobalSection
	GlobalSection(SolutionProperties) = preSolution
		HideSolutionNode = FALSE
	EndGlobalSection
	GlobalSection(NestedProjects) = preSolution
		{44ED07B9-7AF9-412F-90EA-4B44ACB5A117} = {02EA681E-C7D8-13C7-8484-4AC65E1B71E8}
		{B6B5184C-D80E-48B8-961A-2CF7C3C056CE} = {F9EA0768-ACF9-454F-B32F-817BC96AC33E}
		{2599BC1F-D209-4F77-BA45-3300605E0DC5} = {B6B5184C-D80E-48B8-961A-2CF7C3C056CE}
		{C0E1F6F0-6A76-415C-B79C-07CEFE21C551} = {F9EA0768-ACF9-454F-B32F-817BC96AC33E}
		{CE92F262-0B11-4FF4-8371-A67074959EA6} = {C0E1F6F0-6A76-415C-B79C-07CEFE21C551}
		{0304594A-D661-456E-8C98-1E48EF46395A} = {7B2823E1-D0FF-43E5-BA8B-82FE72B6C2D3}
		{E0396EAC-F9ED-457B-881B-9FBEF1117765} = {0304594A-D661-456E-8C98-1E48EF46395A}
		{7B2823E1-D0FF-43E5-BA8B-82FE72B6C2D3} = {72B9CF85-CD6C-4F1C-B594-866206ECC7F9}
		{4D517FB2-62C2-40A1-B562-418A944E6270} = {7B2823E1-D0FF-43E5-BA8B-82FE72B6C2D3}
		{7B32C46D-E7ED-478E-A1A2-43F740926096} = {4D517FB2-62C2-40A1-B562-418A944E6270}
		{3ED78E33-6040-499A-A8EB-FCD14B47786C} = {E75DC1E9-31F2-4C79-A7C5-4A4AB479BD36}
		{C99828E6-5E4C-419C-90DB-ABCAD041E681} = {E75DC1E9-31F2-4C79-A7C5-4A4AB479BD36}
		{C653C5C2-CF8D-4200-8F8D-CA2FF766BD33} = {C99828E6-5E4C-419C-90DB-ABCAD041E681}
		{15CAFB0A-AE12-4C24-94E7-2D566B466B1D} = {3ED78E33-6040-499A-A8EB-FCD14B47786C}
	EndGlobalSection
	GlobalSection(ExtensibilityGlobals) = postSolution
		SolutionGuid = {16A9ECD7-590F-4482-A2D5-C753A870C928}
	EndGlobalSection
EndGlobal
