
Microsoft Visual Studio Solution File, Format Version 12.00
# Visual Studio Version 17
VisualStudioVersion = 17.13.35931.197
MinimumVisualStudioVersion = 10.0.40219.1
Project("{2150E333-8FDC-42A3-9474-1A3956D46DE8}") = "Store.App.Api", "Store.App.Api", "{02EA681E-C7D8-13C7-8484-4AC65E1B71E8}"
EndProject
Project("{FAE04EC0-301F-11D3-BF4B-00C04F79EFBC}") = "WebApi", "src\WebApi\WebApi.csproj", "{08BA35C5-5596-4693-8E90-50307762A212}"
EndProject
Project("{2150E333-8FDC-42A3-9474-1A3956D46DE8}") = "Store.App.Core", "Store.App.Core", "{A3B7D59A-8C15-4AEC-A80F-5ED070DA0979}"
EndProject
Project("{FAE04EC0-301F-11D3-BF4B-00C04F79EFBC}") = "Store.App.Core.Application", "src\Store.App.Core.Application\Store.App.Core.Application.csproj", "{5BB84886-A71F-4D69-A0FE-C42B99E1C3FF}"
EndProject
Project("{FAE04EC0-301F-11D3-BF4B-00C04F79EFBC}") = "Store.App.Core.Domain", "src\Store.App.Core.Domain\Store.App.Core.Domain.csproj", "{03F13E9C-EF4B-4C4D-9902-BD3C623981EA}"
EndProject
Project("{2150E333-8FDC-42A3-9474-1A3956D46DE8}") = "Store.App.Crosscutting", "Store.App.Crosscutting", "{DA6EE200-6C6C-4C20-9DC6-F1A8A06187DE}"
EndProject
Project("{FAE04EC0-301F-11D3-BF4B-00C04F79EFBC}") = "Store.App.Crosscutting.Commom", "src\Store.App.Crosscutting.Commom\Store.App.Crosscutting.Commom.csproj", "{03BA679D-BB09-4206-9C01-D948C1AA28EE}"
EndProject
Project("{FAE04EC0-301F-11D3-BF4B-00C04F79EFBC}") = "Store.App.Crosscutting.IoC", "src\Store.App.Crosscutting.IoC\Store.App.Crosscutting.IoC.csproj", "{B54A84DE-6CF4-49AE-A298-07D72110B5BF}"
EndProject
Project("{2150E333-8FDC-42A3-9474-1A3956D46DE8}") = "Store.App.Infrastructure", "Store.App.Infrastructure", "{5A1438C3-A654-46F7-854A-14B7C296D5FE}"
EndProject
Project("{2150E333-8FDC-42A3-9474-1A3956D46DE8}") = "DataBase", "DataBase", "{F0380DF3-46E3-435B-BE0E-0504E8B124B0}"
EndProject
Project("{FAE04EC0-301F-11D3-BF4B-00C04F79EFBC}") = "Store.App.Infrastructure.Context", "src\Store.App.Infrastructure.Context\Store.App.Infrastructure.Context.csproj", "{401CB4A0-EEEF-4405-8308-CAEF26C93E39}"
EndProject
Project("{FAE04EC0-301F-11D3-BF4B-00C04F79EFBC}") = "Store.App.Infrastrucutre.Repositories", "src\Store.App.Infrastrucutre.Repositories\Store.App.Infrastrucutre.Repositories.csproj", "{40A19DAD-3089-425C-9041-A5CB865FBB8F}"
EndProject
Project("{2150E333-8FDC-42A3-9474-1A3956D46DE8}") = "Store.App.Tests", "Store.App.Tests", "{29EFCB76-FB6A-49BD-B901-ABED09AD9F1F}"
EndProject
Project("{FAE04EC0-301F-11D3-BF4B-00C04F79EFBC}") = "TestesUnitarios", "tests\TestesUnitarios\TestesUnitarios.csproj", "{792D64FA-E3EB-4C19-BF35-04C6937505F2}"
EndProject
Global
	GlobalSection(SolutionConfigurationPlatforms) = preSolution
		Debug|Any CPU = Debug|Any CPU
		Release|Any CPU = Release|Any CPU
	EndGlobalSection
	GlobalSection(ProjectConfigurationPlatforms) = postSolution
		{08BA35C5-5596-4693-8E90-50307762A212}.Debug|Any CPU.ActiveCfg = Debug|Any CPU
		{08BA35C5-5596-4693-8E90-50307762A212}.Debug|Any CPU.Build.0 = Debug|Any CPU
		{08BA35C5-5596-4693-8E90-50307762A212}.Release|Any CPU.ActiveCfg = Release|Any CPU
		{08BA35C5-5596-4693-8E90-50307762A212}.Release|Any CPU.Build.0 = Release|Any CPU
		{5BB84886-A71F-4D69-A0FE-C42B99E1C3FF}.Debug|Any CPU.ActiveCfg = Debug|Any CPU
		{5BB84886-A71F-4D69-A0FE-C42B99E1C3FF}.Debug|Any CPU.Build.0 = Debug|Any CPU
		{5BB84886-A71F-4D69-A0FE-C42B99E1C3FF}.Release|Any CPU.ActiveCfg = Release|Any CPU
		{5BB84886-A71F-4D69-A0FE-C42B99E1C3FF}.Release|Any CPU.Build.0 = Release|Any CPU
		{03F13E9C-EF4B-4C4D-9902-BD3C623981EA}.Debug|Any CPU.ActiveCfg = Debug|Any CPU
		{03F13E9C-EF4B-4C4D-9902-BD3C623981EA}.Debug|Any CPU.Build.0 = Debug|Any CPU
		{03F13E9C-EF4B-4C4D-9902-BD3C623981EA}.Release|Any CPU.ActiveCfg = Release|Any CPU
		{03F13E9C-EF4B-4C4D-9902-BD3C623981EA}.Release|Any CPU.Build.0 = Release|Any CPU
		{03BA679D-BB09-4206-9C01-D948C1AA28EE}.Debug|Any CPU.ActiveCfg = Debug|Any CPU
		{03BA679D-BB09-4206-9C01-D948C1AA28EE}.Debug|Any CPU.Build.0 = Debug|Any CPU
		{03BA679D-BB09-4206-9C01-D948C1AA28EE}.Release|Any CPU.ActiveCfg = Release|Any CPU
		{03BA679D-BB09-4206-9C01-D948C1AA28EE}.Release|Any CPU.Build.0 = Release|Any CPU
		{B54A84DE-6CF4-49AE-A298-07D72110B5BF}.Debug|Any CPU.ActiveCfg = Debug|Any CPU
		{B54A84DE-6CF4-49AE-A298-07D72110B5BF}.Debug|Any CPU.Build.0 = Debug|Any CPU
		{B54A84DE-6CF4-49AE-A298-07D72110B5BF}.Release|Any CPU.ActiveCfg = Release|Any CPU
		{B54A84DE-6CF4-49AE-A298-07D72110B5BF}.Release|Any CPU.Build.0 = Release|Any CPU
		{401CB4A0-EEEF-4405-8308-CAEF26C93E39}.Debug|Any CPU.ActiveCfg = Debug|Any CPU
		{401CB4A0-EEEF-4405-8308-CAEF26C93E39}.Debug|Any CPU.Build.0 = Debug|Any CPU
		{401CB4A0-EEEF-4405-8308-CAEF26C93E39}.Release|Any CPU.ActiveCfg = Release|Any CPU
		{401CB4A0-EEEF-4405-8308-CAEF26C93E39}.Release|Any CPU.Build.0 = Release|Any CPU
		{40A19DAD-3089-425C-9041-A5CB865FBB8F}.Debug|Any CPU.ActiveCfg = Debug|Any CPU
		{40A19DAD-3089-425C-9041-A5CB865FBB8F}.Debug|Any CPU.Build.0 = Debug|Any CPU
		{40A19DAD-3089-425C-9041-A5CB865FBB8F}.Release|Any CPU.ActiveCfg = Release|Any CPU
		{40A19DAD-3089-425C-9041-A5CB865FBB8F}.Release|Any CPU.Build.0 = Release|Any CPU
		{792D64FA-E3EB-4C19-BF35-04C6937505F2}.Debug|Any CPU.ActiveCfg = Debug|Any CPU
		{792D64FA-E3EB-4C19-BF35-04C6937505F2}.Debug|Any CPU.Build.0 = Debug|Any CPU
		{792D64FA-E3EB-4C19-BF35-04C6937505F2}.Release|Any CPU.ActiveCfg = Release|Any CPU
		{792D64FA-E3EB-4C19-BF35-04C6937505F2}.Release|Any CPU.Build.0 = Release|Any CPU
	EndGlobalSection
	GlobalSection(SolutionProperties) = preSolution
		HideSolutionNode = FALSE
	EndGlobalSection
	GlobalSection(NestedProjects) = preSolution
		{08BA35C5-5596-4693-8E90-50307762A212} = {02EA681E-C7D8-13C7-8484-4AC65E1B71E8}
		{5BB84886-A71F-4D69-A0FE-C42B99E1C3FF} = {A3B7D59A-8C15-4AEC-A80F-5ED070DA0979}
		{03F13E9C-EF4B-4C4D-9902-BD3C623981EA} = {A3B7D59A-8C15-4AEC-A80F-5ED070DA0979}
		{03BA679D-BB09-4206-9C01-D948C1AA28EE} = {DA6EE200-6C6C-4C20-9DC6-F1A8A06187DE}
		{B54A84DE-6CF4-49AE-A298-07D72110B5BF} = {DA6EE200-6C6C-4C20-9DC6-F1A8A06187DE}
		{F0380DF3-46E3-435B-BE0E-0504E8B124B0} = {5A1438C3-A654-46F7-854A-14B7C296D5FE}
		{401CB4A0-EEEF-4405-8308-CAEF26C93E39} = {F0380DF3-46E3-435B-BE0E-0504E8B124B0}
		{40A19DAD-3089-425C-9041-A5CB865FBB8F} = {F0380DF3-46E3-435B-BE0E-0504E8B124B0}
		{792D64FA-E3EB-4C19-BF35-04C6937505F2} = {29EFCB76-FB6A-49BD-B901-ABED09AD9F1F}
	EndGlobalSection
	GlobalSection(ExtensibilityGlobals) = postSolution
		SolutionGuid = {539B4B51-B551-428A-A396-8342D7ADB06C}
	EndGlobalSection
EndGlobal
